// !$*UTF8*$!
{
	archiveVersion = 1;
	classes = {
	};
	objectVersion = 50;
	objects = {

/* Begin PBXBuildFile section */
		D20A659824CC1D4800D63EA9 /* README.md in Resources */ = {isa = PBXBuildFile; fileRef = D20A659724CC1D4800D63EA9 /* README.md */; };
		D267D14E24C617CF0032CEB7 /* AppDelegate.swift in Sources */ = {isa = PBXBuildFile; fileRef = D267D14D24C617CF0032CEB7 /* AppDelegate.swift */; };
		D267D15024C617CF0032CEB7 /* SceneDelegate.swift in Sources */ = {isa = PBXBuildFile; fileRef = D267D14F24C617CF0032CEB7 /* SceneDelegate.swift */; };
		D267D15224C617CF0032CEB7 /* ViewController.swift in Sources */ = {isa = PBXBuildFile; fileRef = D267D15124C617CF0032CEB7 /* ViewController.swift */; };
		D267D15524C617CF0032CEB7 /* Main.storyboard in Resources */ = {isa = PBXBuildFile; fileRef = D267D15324C617CF0032CEB7 /* Main.storyboard */; };
		D267D15724C617D20032CEB7 /* Assets.xcassets in Resources */ = {isa = PBXBuildFile; fileRef = D267D15624C617D20032CEB7 /* Assets.xcassets */; };
		D267D15A24C617D20032CEB7 /* LaunchScreen.storyboard in Resources */ = {isa = PBXBuildFile; fileRef = D267D15824C617D20032CEB7 /* LaunchScreen.storyboard */; };
		D267D16524C618190032CEB7 /* Box.swift in Sources */ = {isa = PBXBuildFile; fileRef = D267D16424C618190032CEB7 /* Box.swift */; };
		D267D16724C618570032CEB7 /* Device.swift in Sources */ = {isa = PBXBuildFile; fileRef = D267D16624C618570032CEB7 /* Device.swift */; };
		D267D16924C618910032CEB7 /* Item.swift in Sources */ = {isa = PBXBuildFile; fileRef = D267D16824C618910032CEB7 /* Item.swift */; };
		D267D16C24C619E00032CEB7 /* Manager.swift in Sources */ = {isa = PBXBuildFile; fileRef = D267D16B24C619E00032CEB7 /* Manager.swift */; };
		D267D16E24C622770032CEB7 /* Constants.swift in Sources */ = {isa = PBXBuildFile; fileRef = D267D16D24C622770032CEB7 /* Constants.swift */; };
		D267D17124C622D60032CEB7 /* BoxTableViewCell.swift in Sources */ = {isa = PBXBuildFile; fileRef = D267D16F24C622D60032CEB7 /* BoxTableViewCell.swift */; };
		D267D17224C622D60032CEB7 /* BoxTableViewCell.xib in Resources */ = {isa = PBXBuildFile; fileRef = D267D17024C622D60032CEB7 /* BoxTableViewCell.xib */; };
/* End PBXBuildFile section */

/* Begin PBXFileReference section */
		D20A659724CC1D4800D63EA9 /* README.md */ = {isa = PBXFileReference; fileEncoding = 4; lastKnownFileType = net.daringfireball.markdown; path = README.md; sourceTree = "<group>"; };
		D267D14A24C617CF0032CEB7 /* DeviceBoxInventory.app */ = {isa = PBXFileReference; explicitFileType = wrapper.application; includeInIndex = 0; path = DeviceBoxInventory.app; sourceTree = BUILT_PRODUCTS_DIR; };
		D267D14D24C617CF0032CEB7 /* AppDelegate.swift */ = {isa = PBXFileReference; lastKnownFileType = sourcecode.swift; path = AppDelegate.swift; sourceTree = "<group>"; };
		D267D14F24C617CF0032CEB7 /* SceneDelegate.swift */ = {isa = PBXFileReference; lastKnownFileType = sourcecode.swift; path = SceneDelegate.swift; sourceTree = "<group>"; };
		D267D15124C617CF0032CEB7 /* ViewController.swift */ = {isa = PBXFileReference; lastKnownFileType = sourcecode.swift; path = ViewController.swift; sourceTree = "<group>"; };
		D267D15424C617CF0032CEB7 /* Base */ = {isa = PBXFileReference; lastKnownFileType = file.storyboard; name = Base; path = Base.lproj/Main.storyboard; sourceTree = "<group>"; };
		D267D15624C617D20032CEB7 /* Assets.xcassets */ = {isa = PBXFileReference; lastKnownFileType = folder.assetcatalog; path = Assets.xcassets; sourceTree = "<group>"; };
		D267D15924C617D20032CEB7 /* Base */ = {isa = PBXFileReference; lastKnownFileType = file.storyboard; name = Base; path = Base.lproj/LaunchScreen.storyboard; sourceTree = "<group>"; };
		D267D15B24C617D20032CEB7 /* Info.plist */ = {isa = PBXFileReference; lastKnownFileType = text.plist.xml; path = Info.plist; sourceTree = "<group>"; };
		D267D16424C618190032CEB7 /* Box.swift */ = {isa = PBXFileReference; lastKnownFileType = sourcecode.swift; path = Box.swift; sourceTree = "<group>"; };
		D267D16624C618570032CEB7 /* Device.swift */ = {isa = PBXFileReference; lastKnownFileType = sourcecode.swift; path = Device.swift; sourceTree = "<group>"; };
		D267D16824C618910032CEB7 /* Item.swift */ = {isa = PBXFileReference; lastKnownFileType = sourcecode.swift; path = Item.swift; sourceTree = "<group>"; };
		D267D16B24C619E00032CEB7 /* Manager.swift */ = {isa = PBXFileReference; lastKnownFileType = sourcecode.swift; path = Manager.swift; sourceTree = "<group>"; };
		D267D16D24C622770032CEB7 /* Constants.swift */ = {isa = PBXFileReference; lastKnownFileType = sourcecode.swift; path = Constants.swift; sourceTree = "<group>"; };
		D267D16F24C622D60032CEB7 /* BoxTableViewCell.swift */ = {isa = PBXFileReference; lastKnownFileType = sourcecode.swift; path = BoxTableViewCell.swift; sourceTree = "<group>"; };
		D267D17024C622D60032CEB7 /* BoxTableViewCell.xib */ = {isa = PBXFileReference; lastKnownFileType = file.xib; path = BoxTableViewCell.xib; sourceTree = "<group>"; };
/* End PBXFileReference section */

/* Begin PBXFrameworksBuildPhase section */
		D267D14724C617CF0032CEB7 /* Frameworks */ = {
			isa = PBXFrameworksBuildPhase;
			buildActionMask = 2147483647;
			files = (
			);
			runOnlyForDeploymentPostprocessing = 0;
		};
/* End PBXFrameworksBuildPhase section */

/* Begin PBXGroup section */
		D267D14124C617CF0032CEB7 = {
			isa = PBXGroup;
			children = (
				D20A659724CC1D4800D63EA9 /* README.md */,
				D267D14C24C617CF0032CEB7 /* DeviceBoxIntentory */,
				D267D14B24C617CF0032CEB7 /* Products */,
			);
			sourceTree = "<group>";
		};
		D267D14B24C617CF0032CEB7 /* Products */ = {
			isa = PBXGroup;
			children = (
				D267D14A24C617CF0032CEB7 /* DeviceBoxInventory.app */,
			);
			name = Products;
			sourceTree = "<group>";
		};
		D267D14C24C617CF0032CEB7 /* DeviceBoxIntentory */ = {
			isa = PBXGroup;
			children = (
				D267D16124C617EC0032CEB7 /* Delegates */,
				D267D16224C617F10032CEB7 /* Controllers */,
				D267D16324C617FC0032CEB7 /* Views */,
				D267D16A24C619680032CEB7 /* Models */,
				D267D16D24C622770032CEB7 /* Constants.swift */,
				D267D15624C617D20032CEB7 /* Assets.xcassets */,
				D267D15B24C617D20032CEB7 /* Info.plist */,
			);
			path = DeviceBoxIntentory;
			sourceTree = "<group>";
		};
		D267D16124C617EC0032CEB7 /* Delegates */ = {
			isa = PBXGroup;
			children = (
				D267D14D24C617CF0032CEB7 /* AppDelegate.swift */,
				D267D14F24C617CF0032CEB7 /* SceneDelegate.swift */,
			);
			path = Delegates;
			sourceTree = "<group>";
		};
		D267D16224C617F10032CEB7 /* Controllers */ = {
			isa = PBXGroup;
			children = (
				D267D15124C617CF0032CEB7 /* ViewController.swift */,
				D267D16F24C622D60032CEB7 /* BoxTableViewCell.swift */,
			);
			path = Controllers;
			sourceTree = "<group>";
		};
		D267D16324C617FC0032CEB7 /* Views */ = {
			isa = PBXGroup;
			children = (
				D267D17024C622D60032CEB7 /* BoxTableViewCell.xib */,
				D267D15324C617CF0032CEB7 /* Main.storyboard */,
				D267D15824C617D20032CEB7 /* LaunchScreen.storyboard */,
			);
			path = Views;
			sourceTree = "<group>";
		};
		D267D16A24C619680032CEB7 /* Models */ = {
			isa = PBXGroup;
			children = (
				D267D16424C618190032CEB7 /* Box.swift */,
				D267D16624C618570032CEB7 /* Device.swift */,
				D267D16824C618910032CEB7 /* Item.swift */,
				D267D16B24C619E00032CEB7 /* Manager.swift */,
			);
			path = Models;
			sourceTree = "<group>";
		};
/* End PBXGroup section */

/* Begin PBXNativeTarget section */
		D267D14924C617CF0032CEB7 /* DeviceBoxInventory */ = {
			isa = PBXNativeTarget;
			buildConfigurationList = D267D15E24C617D20032CEB7 /* Build configuration list for PBXNativeTarget "DeviceBoxInventory" */;
			buildPhases = (
				D267D14624C617CF0032CEB7 /* Sources */,
				D267D14724C617CF0032CEB7 /* Frameworks */,
				D267D14824C617CF0032CEB7 /* Resources */,
			);
			buildRules = (
			);
			dependencies = (
			);
			name = DeviceBoxInventory;
			productName = DeviceBoxIntentory;
			productReference = D267D14A24C617CF0032CEB7 /* DeviceBoxInventory.app */;
			productType = "com.apple.product-type.application";
		};
/* End PBXNativeTarget section */

/* Begin PBXProject section */
		D267D14224C617CF0032CEB7 /* Project object */ = {
			isa = PBXProject;
			attributes = {
				LastSwiftUpdateCheck = 1160;
				LastUpgradeCheck = 1160;
				ORGANIZATIONNAME = "John Choi";
				TargetAttributes = {
					D267D14924C617CF0032CEB7 = {
						CreatedOnToolsVersion = 11.6;
					};
				};
			};
			buildConfigurationList = D267D14524C617CF0032CEB7 /* Build configuration list for PBXProject "DeviceBoxInventory" */;
			compatibilityVersion = "Xcode 9.3";
			developmentRegion = en;
			hasScannedForEncodings = 0;
			knownRegions = (
				en,
				Base,
			);
			mainGroup = D267D14124C617CF0032CEB7;
			productRefGroup = D267D14B24C617CF0032CEB7 /* Products */;
			projectDirPath = "";
			projectRoot = "";
			targets = (
				D267D14924C617CF0032CEB7 /* DeviceBoxInventory */,
			);
		};
/* End PBXProject section */

/* Begin PBXResourcesBuildPhase section */
		D267D14824C617CF0032CEB7 /* Resources */ = {
			isa = PBXResourcesBuildPhase;
			buildActionMask = 2147483647;
			files = (
				D267D15A24C617D20032CEB7 /* LaunchScreen.storyboard in Resources */,
				D267D17224C622D60032CEB7 /* BoxTableViewCell.xib in Resources */,
				D20A659824CC1D4800D63EA9 /* README.md in Resources */,
				D267D15724C617D20032CEB7 /* Assets.xcassets in Resources */,
				D267D15524C617CF0032CEB7 /* Main.storyboard in Resources */,
			);
			runOnlyForDeploymentPostprocessing = 0;
		};
/* End PBXResourcesBuildPhase section */

/* Begin PBXSourcesBuildPhase section */
		D267D14624C617CF0032CEB7 /* Sources */ = {
			isa = PBXSourcesBuildPhase;
			buildActionMask = 2147483647;
			files = (
				D267D15224C617CF0032CEB7 /* ViewController.swift in Sources */,
				D267D16524C618190032CEB7 /* Box.swift in Sources */,
				D267D14E24C617CF0032CEB7 /* AppDelegate.swift in Sources */,
				D267D15024C617CF0032CEB7 /* SceneDelegate.swift in Sources */,
				D267D16C24C619E00032CEB7 /* Manager.swift in Sources */,
				D267D17124C622D60032CEB7 /* BoxTableViewCell.swift in Sources */,
				D267D16924C618910032CEB7 /* Item.swift in Sources */,
				D267D16724C618570032CEB7 /* Device.swift in Sources */,
				D267D16E24C622770032CEB7 /* Constants.swift in Sources */,
			);
			runOnlyForDeploymentPostprocessing = 0;
		};
/* End PBXSourcesBuildPhase section */

/* Begin PBXVariantGroup section */
		D267D15324C617CF0032CEB7 /* Main.storyboard */ = {
			isa = PBXVariantGroup;
			children = (
				D267D15424C617CF0032CEB7 /* Base */,
			);
			name = Main.storyboard;
			sourceTree = "<group>";
		};
		D267D15824C617D20032CEB7 /* LaunchScreen.storyboard */ = {
			isa = PBXVariantGroup;
			children = (
				D267D15924C617D20032CEB7 /* Base */,
			);
			name = LaunchScreen.storyboard;
			sourceTree = "<group>";
		};
/* End PBXVariantGroup section */

/* Begin XCBuildConfiguration section */
		D267D15C24C617D20032CEB7 /* Debug */ = {
			isa = XCBuildConfiguration;
			buildSettings = {
				ALWAYS_SEARCH_USER_PATHS = NO;
				CLANG_ANALYZER_NONNULL = YES;
				CLANG_ANALYZER_NUMBER_OBJECT_CONVERSION = YES_AGGRESSIVE;
				CLANG_CXX_LANGUAGE_STANDARD = "gnu++14";
				CLANG_CXX_LIBRARY = "libc++";
				CLANG_ENABLE_MODULES = YES;
				CLANG_ENABLE_OBJC_ARC = YES;
				CLANG_ENABLE_OBJC_WEAK = YES;
				CLANG_WARN_BLOCK_CAPTURE_AUTORELEASING = YES;
				CLANG_WARN_BOOL_CONVERSION = YES;
				CLANG_WARN_COMMA = YES;
				CLANG_WARN_CONSTANT_CONVERSION = YES;
				CLANG_WARN_DEPRECATED_OBJC_IMPLEMENTATIONS = YES;
				CLANG_WARN_DIRECT_OBJC_ISA_USAGE = YES_ERROR;
				CLANG_WARN_DOCUMENTATION_COMMENTS = YES;
				CLANG_WARN_EMPTY_BODY = YES;
				CLANG_WARN_ENUM_CONVERSION = YES;
				CLANG_WARN_INFINITE_RECURSION = YES;
				CLANG_WARN_INT_CONVERSION = YES;
				CLANG_WARN_NON_LITERAL_NULL_CONVERSION = YES;
				CLANG_WARN_OBJC_IMPLICIT_RETAIN_SELF = YES;
				CLANG_WARN_OBJC_LITERAL_CONVERSION = YES;
				CLANG_WARN_OBJC_ROOT_CLASS = YES_ERROR;
				CLANG_WARN_RANGE_LOOP_ANALYSIS = YES;
				CLANG_WARN_STRICT_PROTOTYPES = YES;
				CLANG_WARN_SUSPICIOUS_MOVE = YES;
				CLANG_WARN_UNGUARDED_AVAILABILITY = YES_AGGRESSIVE;
				CLANG_WARN_UNREACHABLE_CODE = YES;
				CLANG_WARN__DUPLICATE_METHOD_MATCH = YES;
				COPY_PHASE_STRIP = NO;
				DEBUG_INFORMATION_FORMAT = dwarf;
				ENABLE_STRICT_OBJC_MSGSEND = YES;
				ENABLE_TESTABILITY = YES;
				GCC_C_LANGUAGE_STANDARD = gnu11;
				GCC_DYNAMIC_NO_PIC = NO;
				GCC_NO_COMMON_BLOCKS = YES;
				GCC_OPTIMIZATION_LEVEL = 0;
				GCC_PREPROCESSOR_DEFINITIONS = (
					"DEBUG=1",
					"$(inherited)",
				);
				GCC_WARN_64_TO_32_BIT_CONVERSION = YES;
				GCC_WARN_ABOUT_RETURN_TYPE = YES_ERROR;
				GCC_WARN_UNDECLARED_SELECTOR = YES;
				GCC_WARN_UNINITIALIZED_AUTOS = YES_AGGRESSIVE;
				GCC_WARN_UNUSED_FUNCTION = YES;
				GCC_WARN_UNUSED_VARIABLE = YES;
				IPHONEOS_DEPLOYMENT_TARGET = 13.6;
				MTL_ENABLE_DEBUG_INFO = INCLUDE_SOURCE;
				MTL_FAST_MATH = YES;
				ONLY_ACTIVE_ARCH = YES;
				SDKROOT = iphoneos;
				SWIFT_ACTIVE_COMPILATION_CONDITIONS = DEBUG;
				SWIFT_OPTIMIZATION_LEVEL = "-Onone";
			};
			name = Debug;
		};
		D267D15D24C617D20032CEB7 /* Release */ = {
			isa = XCBuildConfiguration;
			buildSettings = {
				ALWAYS_SEARCH_USER_PATHS = NO;
				CLANG_ANALYZER_NONNULL = YES;
				CLANG_ANALYZER_NUMBER_OBJECT_CONVERSION = YES_AGGRESSIVE;
				CLANG_CXX_LANGUAGE_STANDARD = "gnu++14";
				CLANG_CXX_LIBRARY = "libc++";
				CLANG_ENABLE_MODULES = YES;
				CLANG_ENABLE_OBJC_ARC = YES;
				CLANG_ENABLE_OBJC_WEAK = YES;
				CLANG_WARN_BLOCK_CAPTURE_AUTORELEASING = YES;
				CLANG_WARN_BOOL_CONVERSION = YES;
				CLANG_WARN_COMMA = YES;
				CLANG_WARN_CONSTANT_CONVERSION = YES;
				CLANG_WARN_DEPRECATED_OBJC_IMPLEMENTATIONS = YES;
				CLANG_WARN_DIRECT_OBJC_ISA_USAGE = YES_ERROR;
				CLANG_WARN_DOCUMENTATION_COMMENTS = YES;
				CLANG_WARN_EMPTY_BODY = YES;
				CLANG_WARN_ENUM_CONVERSION = YES;
				CLANG_WARN_INFINITE_RECURSION = YES;
				CLANG_WARN_INT_CONVERSION = YES;
				CLANG_WARN_NON_LITERAL_NULL_CONVERSION = YES;
				CLANG_WARN_OBJC_IMPLICIT_RETAIN_SELF = YES;
				CLANG_WARN_OBJC_LITERAL_CONVERSION = YES;
				CLANG_WARN_OBJC_ROOT_CLASS = YES_ERROR;
				CLANG_WARN_RANGE_LOOP_ANALYSIS = YES;
				CLANG_WARN_STRICT_PROTOTYPES = YES;
				CLANG_WARN_SUSPICIOUS_MOVE = YES;
				CLANG_WARN_UNGUARDED_AVAILABILITY = YES_AGGRESSIVE;
				CLANG_WARN_UNREACHABLE_CODE = YES;
				CLANG_WARN__DUPLICATE_METHOD_MATCH = YES;
				COPY_PHASE_STRIP = NO;
				DEBUG_INFORMATION_FORMAT = "dwarf-with-dsym";
				ENABLE_NS_ASSERTIONS = NO;
				ENABLE_STRICT_OBJC_MSGSEND = YES;
				GCC_C_LANGUAGE_STANDARD = gnu11;
				GCC_NO_COMMON_BLOCKS = YES;
				GCC_WARN_64_TO_32_BIT_CONVERSION = YES;
				GCC_WARN_ABOUT_RETURN_TYPE = YES_ERROR;
				GCC_WARN_UNDECLARED_SELECTOR = YES;
				GCC_WARN_UNINITIALIZED_AUTOS = YES_AGGRESSIVE;
				GCC_WARN_UNUSED_FUNCTION = YES;
				GCC_WARN_UNUSED_VARIABLE = YES;
				IPHONEOS_DEPLOYMENT_TARGET = 13.6;
				MTL_ENABLE_DEBUG_INFO = NO;
				MTL_FAST_MATH = YES;
				SDKROOT = iphoneos;
				SWIFT_COMPILATION_MODE = wholemodule;
				SWIFT_OPTIMIZATION_LEVEL = "-O";
				VALIDATE_PRODUCT = YES;
			};
			name = Release;
		};
		D267D15F24C617D20032CEB7 /* Debug */ = {
			isa = XCBuildConfiguration;
			buildSettings = {
				ASSETCATALOG_COMPILER_APPICON_NAME = AppIcon;
				CODE_SIGN_STYLE = Automatic;
				CURRENT_PROJECT_VERSION = 200720;
				DEVELOPMENT_TEAM = 2JDGUK4DRH;
				INFOPLIST_FILE = DeviceBoxIntentory/Info.plist;
				LD_RUNPATH_SEARCH_PATHS = (
					"$(inherited)",
					"@executable_path/Frameworks",
				);
				PRODUCT_BUNDLE_IDENTIFIER = io.github.johnchoi96.DeviceBoxInventory;
				PRODUCT_NAME = DeviceBoxInventory;
				SWIFT_VERSION = 5.0;
				TARGETED_DEVICE_FAMILY = "1,2";
			};
			name = Debug;
		};
		D267D16024C617D20032CEB7 /* Release */ = {
			isa = XCBuildConfiguration;
			buildSettings = {
				ASSETCATALOG_COMPILER_APPICON_NAME = AppIcon;
				CODE_SIGN_STYLE = Automatic;
				CURRENT_PROJECT_VERSION = 200720;
				DEVELOPMENT_TEAM = 2JDGUK4DRH;
				INFOPLIST_FILE = DeviceBoxIntentory/Info.plist;
				LD_RUNPATH_SEARCH_PATHS = (
					"$(inherited)",
					"@executable_path/Frameworks",
				);
				PRODUCT_BUNDLE_IDENTIFIER = io.github.johnchoi96.DeviceBoxInventory;
				PRODUCT_NAME = DeviceBoxInventory;
				SWIFT_VERSION = 5.0;
				TARGETED_DEVICE_FAMILY = "1,2";
			};
			name = Release;
		};
/* End XCBuildConfiguration section */

/* Begin XCConfigurationList section */
		D267D14524C617CF0032CEB7 /* Build configuration list for PBXProject "DeviceBoxInventory" */ = {
			isa = XCConfigurationList;
			buildConfigurations = (
				D267D15C24C617D20032CEB7 /* Debug */,
				D267D15D24C617D20032CEB7 /* Release */,
			);
			defaultConfigurationIsVisible = 0;
			defaultConfigurationName = Release;
		};
		D267D15E24C617D20032CEB7 /* Build configuration list for PBXNativeTarget "DeviceBoxInventory" */ = {
			isa = XCConfigurationList;
			buildConfigurations = (
				D267D15F24C617D20032CEB7 /* Debug */,
				D267D16024C617D20032CEB7 /* Release */,
			);
			defaultConfigurationIsVisible = 0;
			defaultConfigurationName = Release;
		};
/* End XCConfigurationList section */
	};
	rootObject = D267D14224C617CF0032CEB7 /* Project object */;
}
